
Microsoft Visual Studio Solution File, Format Version 12.00
# Visual Studio Version 17
VisualStudioVersion = 17.14.36203.30
MinimumVisualStudioVersion = 10.0.40219.1
Project("{FAE04EC0-301F-11D3-BF4B-00C04F79EFBC}") = "WebAPIDemo", "WebAPIDemo\WebAPIDemo.csproj", "{49CF5F61-36B6-4F52-9F9A-8A5B35AF8417}"
EndProject
Project("{FAE04EC0-301F-11D3-BF4B-00C04F79EFBC}") = "WebApp", "WebApp\WebApp.csproj", "{3469A904-FE08-4C3F-84E2-D2E30889FEA1}"
EndProject
Global
	GlobalSection(SolutionConfigurationPlatforms) = preSolution
		Debug|Any CPU = Debug|Any CPU
		Release|Any CPU = Release|Any CPU
	EndGlobalSection
	GlobalSection(ProjectConfigurationPlatforms) = postSolution
		{49CF5F61-36B6-4F52-9F9A-8A5B35AF8417}.Debug|Any CPU.ActiveCfg = Debug|Any CPU
		{49CF5F61-36B6-4F52-9F9A-8A5B35AF8417}.Debug|Any CPU.Build.0 = Debug|Any CPU
		{49CF5F61-36B6-4F52-9F9A-8A5B35AF8417}.Release|Any CPU.ActiveCfg = Release|Any CPU
		{49CF5F61-36B6-4F52-9F9A-8A5B35AF8417}.Release|Any CPU.Build.0 = Release|Any CPU
		{3469A904-FE08-4C3F-84E2-D2E30889FEA1}.Debug|Any CPU.ActiveCfg = Debug|Any CPU
		{3469A904-FE08-4C3F-84E2-D2E30889FEA1}.Debug|Any CPU.Build.0 = Debug|Any CPU
		{3469A904-FE08-4C3F-84E2-D2E30889FEA1}.Release|Any CPU.ActiveCfg = Release|Any CPU
		{3469A904-FE08-4C3F-84E2-D2E30889FEA1}.Release|Any CPU.Build.0 = Release|Any CPU
	EndGlobalSection
	GlobalSection(SolutionProperties) = preSolution
		HideSolutionNode = FALSE
	EndGlobalSection
	GlobalSection(ExtensibilityGlobals) = postSolution
		SolutionGuid = {506C9672-D5B4-4918-93A8-5C17989C24FD}
	EndGlobalSection
EndGlobal
